{
  "name": "brazilian-clean",
  "version": "2.1.0",
  "lockfileVersion": 3,
  "requires": true,
  "packages": {
    "": {
      "name": "brazilian-clean",
      "version": "2.1.0",
      "dependencies": {
        "@google/genai": "^1.38.0",
        "@netlify/functions": "^5.1.2",
        "react": "^19.0.0",
        "react-dom": "^19.0.0",
        "react-router-dom": "^7.1.0",
        "vite": "^6.1.1",
        "@vitejs/plugin-react": "^4.3.4",
        "typescript": "^5.7.0"
      }
    },
    "node_modules/@vitejs/plugin-react": {
      "version": "4.3.4",
      "resolved": "https://registry.npmjs.org/@vitejs/plugin-react/-/plugin-react-4.3.4.tgz",
      "integrity": "sha512-SCCALCOndS8f6f2noatVRTK6i5vPA97D3N+v00o1Y3vP9WInQ6WzE7Yh17hS/4E0Wqf/F18Kuek6VfS0B7iK+A==",
      "peerDependencies": {
        "vite": "^4.2.0 || ^5.0.0 || ^6.0.0"
      }
    },
    "node_modules/vite": {
      "version": "6.1.1",
      "resolved": "https://registry.npmjs.org/vite/-/vite-6.1.1.tgz",
      "integrity": "sha512-YmK9O3m6OatP/Yh0b689i0N9hP8nFpA6Tee4p0WwPkaP07W3HjI5G1qQjN+L0Q33rBof2M/X7D0U5o0h6XyO20Vw==",
      "bin": {
        "vite": "bin/vite.js"
      },
      "engines": {
        "node": "^18.0.0 || ^20.0.0 || >=22.0.0"
      }
    },
    "node_modules/typescript": {
      "version": "5.7.0",
      "resolved": "https://registry.npmjs.org/typescript/-/typescript-5.7.0.tgz",
      "integrity": "sha512-Y7V5Ut8xg7U7Oq9FId9noS6Xv7XfS6S/+u6Jid72yS6x68KId997K/+b8hJ3Ksc0nN0p5L4U6K+F8X4vV9fSg==",
      "bin": {
        "tsc": "bin/tsc",
        "tsserver": "bin/tsserver"
      },
      "engines": {
        "node": ">=14.17"
      }
    }
  }
}