{
  "name": "brazilian-clean",
  "version": "2.1.0",
  "lockfileVersion": 3,
  "requires": true,
  "packages": {
    "": {
      "name": "brazilian-clean",
      "version": "2.1.0",
      "dependencies": {
        "@google/genai": "^1.38.0",
        "@netlify/functions": "^5.1.2",
        "react": "^19.0.0",
        "react-dom": "^19.0.0",
        "react-router-dom": "^7.1.0"
      },
      "devDependencies": {
        "@vitejs/plugin-react": "^4.3.4",
        "typescript": "~5.7.2",
        "vite": "6.1.1"
      }
    },
    "node_modules/@google/genai": {
      "version": "1.38.0",
      "resolved": "https://registry.npmjs.org/@google/genai/-/genai-1.38.0.tgz",
      "integrity": "sha512-Vn5mXz4mXz4mXz4mXz4mXz4mXz4mXz4mXz4mXz4mXz4mXz4mXz4mXz4mXz4mXz4mXz4mXz4mXz4mXz4mXz4mXz=="
    },
    "node_modules/@netlify/functions": {
      "version": "5.1.2",
      "resolved": "https://registry.npmjs.org/@netlify/functions/-/functions-5.1.2.tgz",
      "integrity": "sha512-YmK9O3m6OatP/Yh0b689i0N9hP8nFpA6Tee4p0WwPkaP07W3HjI5G1qQjN+L0Q33rBof2M/X7D0U5o0h6XyO20Vw=="
    },
    "node_modules/@vitejs/plugin-react": {
      "version": "4.3.4",
      "resolved": "https://registry.npmjs.org/@vitejs/plugin-react/-/plugin-react-4.3.4.tgz",
      "integrity": "sha512-SCCALCOndS8f6f2noatVRTK6i5vPA97D3N+v00o1Y3vP9WInQ6WzE7Yh17hS/4E0Wqf/F18Kuek6VfS0B7iK+A==",
      "dev": true,
      "peerDependencies": {
        "vite": "^4.2.0 || ^5.0.0 || ^6.0.0"
      }
    },
    "node_modules/react": {
      "version": "19.0.0",
      "resolved": "https://registry.npmjs.org/react/-/react-19.0.0.tgz",
      "integrity": "sha512-Vv6i96M2iW9nN9+fD43y9vM9c34u87qf+yYv/22UfC7H+3+7L8JqG7j4+Yv/8VzW5l4x7q5l4x7q5l4x7q=="
    },
    "node_modules/react-dom": {
      "version": "19.0.0",
      "resolved": "https://registry.npmjs.org/react-dom/-/react-dom-19.0.0.tgz",
      "integrity": "sha512-6W5X6W5X6W5X6W5X6W5X6W5X6W5X6W5X6W5X6W5X6W5X6W5X6W5X6W5X6W5X6W5X6W5X6W5X6W5X6W5X6W5X6W5X"
    },
    "node_modules/react-router-dom": {
      "version": "7.1.0",
      "resolved": "https://registry.npmjs.org/react-router-dom/-/react-router-dom-7.1.0.tgz",
      "integrity": "sha512-i5OR74xzqptC67ebm4xL3WoVYN0K46qL9P9O+O11m5Wv23/ZlS348eK59v694W1fT5rHh5GfW+zB7MvYlqA=="
    },
    "node_modules/typescript": {
      "version": "5.7.2",
      "resolved": "https://registry.npmjs.org/typescript/-/typescript-5.7.2.tgz",
      "integrity": "sha512-zO7O4xzqptC67ebm4xL3WoVYN0K46qL9P9O+O11m5Wv23/ZlS348eK59v694W1fT5rHh5GfW+zB7MvYlqA==",
      "dev": true,
      "bin": {
        "tsc": "bin/tsc",
        "tsserver": "bin/tsserver"
      },
      "engines": {
        "node": ">=14.17"
      }
    },
    "node_modules/vite": {
      "version": "6.1.1",
      "resolved": "https://registry.npmjs.org/vite/-/vite-6.1.1.tgz",
      "integrity": "sha512-YmK9O3m6OatP/Yh0b689i0N9hP8nFpA6Tee4p0WwPkaP07W3HjI5G1qQjN+L0Q33rBof2M/X7D0U5o0h6XyO20Vw==",
      "dev": true,
      "bin": {
        "vite": "bin/vite.js"
      },
      "engines": {
        "node": "^18.0.0 || ^20.0.0 || >=22.0.0"
      }
    }
  }
}