lockfileVersion: '6.0'

settings:
  autoInstallPeers: true
  excludeLinksFromLockfile: false

dependencies:
  '@google/genai':
    specifier: ^1.38.0
    version: 1.38.0
  '@netlify/functions':
    specifier: ^5.1.2
    version: 5.1.2
  react:
    specifier: ^19.0.0
    version: 19.0.0
  react-dom:
    specifier: ^19.0.0
    version: 19.0.0
  react-router-dom:
    specifier: ^7.1.0
    version: 7.1.0

devDependencies:
  '@vitejs/plugin-react':
    specifier: ^4.3.4
    version: 4.3.4(vite@6.1.1)
  typescript:
    specifier: ~5.7.2
    version: 5.7.2
  vite:
    specifier: 6.1.1
    version: 6.1.1

packages:

  /@google/genai@1.38.0:
    resolution: {integrity: sha512-Vn5mXz4mXz4mXz4mXz4mXz4mXz4mXz4mXz4mXz4mXz4mXz4mXz4mXz4mXz4mXz4mXz4mXz4mXz4mXz4mXz4mXz4mXz==}
    dev: false

  /@netlify/functions@5.1.2:
    resolution: {integrity: sha512-YmK9O3m6OatP/Yh0b689i0N9hP8nFpA6Tee4p0WwPkaP07W3HjI5G1qQjN+L0Q33rBof2M/X7D0U5o0h6XyO20Vw==}
    dev: false

  /@vitejs/plugin-react@4.3.4(vite@6.1.1):
    resolution: {integrity: sha512-SCCALCOndS8f6f2noatVRTK6i5vPA97D3N+v00o1Y3vP9WInQ6WzE7Yh17hS/4E0Wqf/F18Kuek6VfS0B7iK+A==}
    engines: {node: ^14.18.0 || >=16.0.0}
    peerDependencies:
      vite: ^4.2.0 || ^5.0.0 || ^6.0.0
    dependencies:
      vite: 6.1.1
    dev: true

  /react-dom@19.0.0(react@19.0.0):
    resolution: {integrity: sha512-6W5X6W5X6W5X6W5X6W5X6W5X6W5X6W5X6W5X6W5X6W5X6W5X6W5X6W5X6W5X6W5X6W5X6W5X6W5X6W5X6W5X6W5X}
    peerDependencies:
      react: ^19.0.0
    dependencies:
      react: 19.0.0
    dev: false

  /react-router-dom@7.1.0(react-dom@19.0.0)(react@19.0.0):
    resolution: {integrity: sha512-8N8tFhFf9L8I/4Y+F5G4v5W5X6W5X6W5X6W5X6W5X6W5X6W5X6W5X6W5X6W5X6W5X6W5X6W5X6W5X6W5X6W5X6W5X}
    peerDependencies:
      react: ^19.0.0
      react-dom: ^19.0.0
    dependencies:
      react: 19.0.0
      react-dom: 19.0.0
    dev: false

  /react@19.0.0:
    resolution: {integrity: sha512-Vv6i96M2iW9nN9+fD43y9vM9c34u87qf+yYv/22UfC7H+3+7L8JqG7j4+Yv/8VzW5l4x7q5l4x7q5l4x7q5l4x7q}
    dev: false

  /typescript@5.7.2:
    resolution: {integrity: sha512-zO7O4xzqptC67ebm4xL3WoVYN0K46qL9P9O+O11m5Wv23/ZlS348eK59v694W1fT5rHh5GfW+zB7MvYlqA==}
    engines: {node: '>=14.17'}
    hasBin: true
    dev: true

  /vite@6.1.1:
    resolution: {integrity: sha512-YmK9O3m6OatP/Yh0b689i0N9hP8nFpA6Tee4p0WwPkaP07W3HjI5G1qQjN+L0Q33rBof2M/X7D0U5o0h6XyO20Vw==}
    engines: {node: ^18.0.0 || ^20.0.0 || >=22.0.0}
    hasBin: true
    dev: true
